dependencies:
- name: nginx-ingress
  repository: https://kubernetes-charts.storage.googleapis.com
  version: 0.4.2
- name: cert-manager
  repository: https://charts.jetstack.io
  version: v0.7.2
digest: sha256:443d0d8de018fe6cc99818e24209d25388e346edc727fb9e0d7f2dc194ecb8f2
generated: 2019-05-02T14:51:20.432616+01:00
